{
    "_readme": [
        "This file locks the dependencies of your project to a known state",
        "Read more about it at https://getcomposer.org/doc/01-basic-usage.md#installing-dependencies",
        "This file is @generated automatically"
    ],
    "content-hash": "64aa9431e21ef2ee1e3b5844f92bc320",
    "packages": [
        {
            "name": "copyleaks/php-plagiarism-checker",
            "version": "3.0.0",
            "source": {
                "type": "git",
                "url": "https://github.com/Copyleaks/PHP-Plagiarism-Checker.git",
                "reference": "c2aa8f379f41b86a1728c83d0fb3beee9698e50d"
            },
            "dist": {
                "type": "zip",
                "url": "https://api.github.com/repos/Copyleaks/PHP-Plagiarism-Checker/zipball/c2aa8f379f41b86a1728c83d0fb3beee9698e50d",
                "reference": "c2aa8f379f41b86a1728c83d0fb3beee9698e50d",
                "shasum": ""
            },
            "require": {
                "php": ">=7.0.0"
            },
            "type": "library",
            "autoload": {
                "files": [
                    "autoload.php"
                ]
            },
            "notification-url": "https://packagist.org/downloads/",
            "license": [
                "MIT"
            ],
            "authors": [
                {
                    "name": "Copyleaks ltd",
                    "email": "support@copyleaks.com",
                    "homepage": "https://copyleaks.com",
                    "role": "Developer"
                }
            ],
            "description": "Copyleaks detects online plagiarism and checks content distribution. Use Copyleaks to find out if textual content is original and where it has been used before. This package shows how to integrate with the Copyleaks cloud to search for copyright infringement.",
            "homepage": "https://api.copyleaks.com",
            "keywords": [
                "Copyleaks",
                "checker",
                "copyrights",
                "education",
                "infringement",
                "plagiarism",
                "publisher"
            ],
            "support": {
                "issues": "https://github.com/Copyleaks/PHP-Plagiarism-Checker/issues",
                "source": "https://github.com/Copyleaks/PHP-Plagiarism-Checker/tree/3.0.0"
            },
            "time": "2021-01-19T11:04:49+00:00"
        }
    ],
    "packages-dev": [],
    "aliases": [],
    "minimum-stability": "stable",
    "stability-flags": [],
    "prefer-stable": false,
    "prefer-lowest": false,
    "platform": [],
    "platform-dev": [],
    "plugin-api-version": "2.0.0"
}
